
Microsoft Visual Studio Solution File, Format Version 12.00
# Visual Studio Version 16
VisualStudioVersion = 16.0.29001.49
MinimumVisualStudioVersion = 10.0.40219.1
Project("{9A19103F-16F7-4668-BE54-9A1E7A4F7556}") = "MyFirstApp", "MyFirstApp\MyFirstApp.csproj", "{FFC1CBB0-0CA2-4391-8653-86AF3F44081F}"
EndProject
Project("{FAE04EC0-301F-11D3-BF4B-00C04F79EFBC}") = "MyFirstApp.Android", "MyFirstApp.Android\MyFirstApp.Android.csproj", "{B6E23F0F-68B2-456F-BA75-4D243481FE23}"
EndProject
Project("{FAE04EC0-301F-11D3-BF4B-00C04F79EFBC}") = "MyFirstApp.iOS", "MyFirstApp.iOS\MyFirstApp.iOS.csproj", "{35D2657D-1C3F-4EE1-ABEB-3360E3703733}"
EndProject
Global
	GlobalSection(SolutionConfigurationPlatforms) = preSolution
		Ad-Hoc|Any CPU = Ad-Hoc|Any CPU
		Ad-Hoc|iPhone = Ad-Hoc|iPhone
		Ad-Hoc|iPhoneSimulator = Ad-Hoc|iPhoneSimulator
		AppStore|Any CPU = AppStore|Any CPU
		AppStore|iPhone = AppStore|iPhone
		AppStore|iPhoneSimulator = AppStore|iPhoneSimulator
		Debug|Any CPU = Debug|Any CPU
		Debug|iPhone = Debug|iPhone
		Debug|iPhoneSimulator = Debug|iPhoneSimulator
		Release|Any CPU = Release|Any CPU
		Release|iPhone = Release|iPhone
		Release|iPhoneSimulator = Release|iPhoneSimulator
	EndGlobalSection
	GlobalSection(ProjectConfigurationPlatforms) = postSolution
		{FFC1CBB0-0CA2-4391-8653-86AF3F44081F}.Ad-Hoc|Any CPU.ActiveCfg = Release|Any CPU
		{FFC1CBB0-0CA2-4391-8653-86AF3F44081F}.Ad-Hoc|Any CPU.Build.0 = Release|Any CPU
		{FFC1CBB0-0CA2-4391-8653-86AF3F44081F}.Ad-Hoc|iPhone.ActiveCfg = Debug|Any CPU
		{FFC1CBB0-0CA2-4391-8653-86AF3F44081F}.Ad-Hoc|iPhone.Build.0 = Debug|Any CPU
		{FFC1CBB0-0CA2-4391-8653-86AF3F44081F}.Ad-Hoc|iPhoneSimulator.ActiveCfg = Release|Any CPU
		{FFC1CBB0-0CA2-4391-8653-86AF3F44081F}.Ad-Hoc|iPhoneSimulator.Build.0 = Release|Any CPU
		{FFC1CBB0-0CA2-4391-8653-86AF3F44081F}.AppStore|Any CPU.ActiveCfg = Release|Any CPU
		{FFC1CBB0-0CA2-4391-8653-86AF3F44081F}.AppStore|Any CPU.Build.0 = Release|Any CPU
		{FFC1CBB0-0CA2-4391-8653-86AF3F44081F}.AppStore|iPhone.ActiveCfg = Debug|Any CPU
		{FFC1CBB0-0CA2-4391-8653-86AF3F44081F}.AppStore|iPhone.Build.0 = Debug|Any CPU
		{FFC1CBB0-0CA2-4391-8653-86AF3F44081F}.AppStore|iPhoneSimulator.ActiveCfg = Release|Any CPU
		{FFC1CBB0-0CA2-4391-8653-86AF3F44081F}.AppStore|iPhoneSimulator.Build.0 = Release|Any CPU
		{FFC1CBB0-0CA2-4391-8653-86AF3F44081F}.Debug|Any CPU.ActiveCfg = Debug|Any CPU
		{FFC1CBB0-0CA2-4391-8653-86AF3F44081F}.Debug|Any CPU.Build.0 = Debug|Any CPU
		{FFC1CBB0-0CA2-4391-8653-86AF3F44081F}.Debug|iPhone.ActiveCfg = Debug|Any CPU
		{FFC1CBB0-0CA2-4391-8653-86AF3F44081F}.Debug|iPhone.Build.0 = Debug|Any CPU
		{FFC1CBB0-0CA2-4391-8653-86AF3F44081F}.Debug|iPhoneSimulator.ActiveCfg = Debug|Any CPU
		{FFC1CBB0-0CA2-4391-8653-86AF3F44081F}.Debug|iPhoneSimulator.Build.0 = Debug|Any CPU
		{FFC1CBB0-0CA2-4391-8653-86AF3F44081F}.Release|Any CPU.ActiveCfg = Release|Any CPU
		{FFC1CBB0-0CA2-4391-8653-86AF3F44081F}.Release|Any CPU.Build.0 = Release|Any CPU
		{FFC1CBB0-0CA2-4391-8653-86AF3F44081F}.Release|iPhone.ActiveCfg = Release|Any CPU
		{FFC1CBB0-0CA2-4391-8653-86AF3F44081F}.Release|iPhone.Build.0 = Release|Any CPU
		{FFC1CBB0-0CA2-4391-8653-86AF3F44081F}.Release|iPhoneSimulator.ActiveCfg = Release|Any CPU
		{FFC1CBB0-0CA2-4391-8653-86AF3F44081F}.Release|iPhoneSimulator.Build.0 = Release|Any CPU
		{B6E23F0F-68B2-456F-BA75-4D243481FE23}.Ad-Hoc|Any CPU.ActiveCfg = Release|Any CPU
		{B6E23F0F-68B2-456F-BA75-4D243481FE23}.Ad-Hoc|Any CPU.Build.0 = Release|Any CPU
		{B6E23F0F-68B2-456F-BA75-4D243481FE23}.Ad-Hoc|Any CPU.Deploy.0 = Release|Any CPU
		{B6E23F0F-68B2-456F-BA75-4D243481FE23}.Ad-Hoc|iPhone.ActiveCfg = Debug|Any CPU
		{B6E23F0F-68B2-456F-BA75-4D243481FE23}.Ad-Hoc|iPhone.Build.0 = Debug|Any CPU
		{B6E23F0F-68B2-456F-BA75-4D243481FE23}.Ad-Hoc|iPhone.Deploy.0 = Debug|Any CPU
		{B6E23F0F-68B2-456F-BA75-4D243481FE23}.Ad-Hoc|iPhoneSimulator.ActiveCfg = Release|Any CPU
		{B6E23F0F-68B2-456F-BA75-4D243481FE23}.Ad-Hoc|iPhoneSimulator.Build.0 = Release|Any CPU
		{B6E23F0F-68B2-456F-BA75-4D243481FE23}.Ad-Hoc|iPhoneSimulator.Deploy.0 = Release|Any CPU
		{B6E23F0F-68B2-456F-BA75-4D243481FE23}.AppStore|Any CPU.ActiveCfg = Release|Any CPU
		{B6E23F0F-68B2-456F-BA75-4D243481FE23}.AppStore|Any CPU.Build.0 = Release|Any CPU
		{B6E23F0F-68B2-456F-BA75-4D243481FE23}.AppStore|Any CPU.Deploy.0 = Release|Any CPU
		{B6E23F0F-68B2-456F-BA75-4D243481FE23}.AppStore|iPhone.ActiveCfg = Debug|Any CPU
		{B6E23F0F-68B2-456F-BA75-4D243481FE23}.AppStore|iPhone.Build.0 = Debug|Any CPU
		{B6E23F0F-68B2-456F-BA75-4D243481FE23}.AppStore|iPhone.Deploy.0 = Debug|Any CPU
		{B6E23F0F-68B2-456F-BA75-4D243481FE23}.AppStore|iPhoneSimulator.ActiveCfg = Release|Any CPU
		{B6E23F0F-68B2-456F-BA75-4D243481FE23}.AppStore|iPhoneSimulator.Build.0 = Release|Any CPU
		{B6E23F0F-68B2-456F-BA75-4D243481FE23}.AppStore|iPhoneSimulator.Deploy.0 = Release|Any CPU
		{B6E23F0F-68B2-456F-BA75-4D243481FE23}.Debug|Any CPU.ActiveCfg = Debug|Any CPU
		{B6E23F0F-68B2-456F-BA75-4D243481FE23}.Debug|Any CPU.Build.0 = Debug|Any CPU
		{B6E23F0F-68B2-456F-BA75-4D243481FE23}.Debug|Any CPU.Deploy.0 = Debug|Any CPU
		{B6E23F0F-68B2-456F-BA75-4D243481FE23}.Debug|iPhone.ActiveCfg = Debug|Any CPU
		{B6E23F0F-68B2-456F-BA75-4D243481FE23}.Debug|iPhone.Build.0 = Debug|Any CPU
		{B6E23F0F-68B2-456F-BA75-4D243481FE23}.Debug|iPhone.Deploy.0 = Debug|Any CPU
		{B6E23F0F-68B2-456F-BA75-4D243481FE23}.Debug|iPhoneSimulator.ActiveCfg = Debug|Any CPU
		{B6E23F0F-68B2-456F-BA75-4D243481FE23}.Debug|iPhoneSimulator.Build.0 = Debug|Any CPU
		{B6E23F0F-68B2-456F-BA75-4D243481FE23}.Debug|iPhoneSimulator.Deploy.0 = Debug|Any CPU
		{B6E23F0F-68B2-456F-BA75-4D243481FE23}.Release|Any CPU.ActiveCfg = Release|Any CPU
		{B6E23F0F-68B2-456F-BA75-4D243481FE23}.Release|Any CPU.Build.0 = Release|Any CPU
		{B6E23F0F-68B2-456F-BA75-4D243481FE23}.Release|Any CPU.Deploy.0 = Release|Any CPU
		{B6E23F0F-68B2-456F-BA75-4D243481FE23}.Release|iPhone.ActiveCfg = Release|Any CPU
		{B6E23F0F-68B2-456F-BA75-4D243481FE23}.Release|iPhone.Build.0 = Release|Any CPU
		{B6E23F0F-68B2-456F-BA75-4D243481FE23}.Release|iPhone.Deploy.0 = Release|Any CPU
		{B6E23F0F-68B2-456F-BA75-4D243481FE23}.Release|iPhoneSimulator.ActiveCfg = Release|Any CPU
		{B6E23F0F-68B2-456F-BA75-4D243481FE23}.Release|iPhoneSimulator.Build.0 = Release|Any CPU
		{B6E23F0F-68B2-456F-BA75-4D243481FE23}.Release|iPhoneSimulator.Deploy.0 = Release|Any CPU
		{35D2657D-1C3F-4EE1-ABEB-3360E3703733}.Ad-Hoc|Any CPU.ActiveCfg = Ad-Hoc|iPhoneSimulator
		{35D2657D-1C3F-4EE1-ABEB-3360E3703733}.Ad-Hoc|iPhone.ActiveCfg = Ad-Hoc|iPhone
		{35D2657D-1C3F-4EE1-ABEB-3360E3703733}.Ad-Hoc|iPhone.Build.0 = Ad-Hoc|iPhone
		{35D2657D-1C3F-4EE1-ABEB-3360E3703733}.Ad-Hoc|iPhone.Deploy.0 = Ad-Hoc|iPhone
		{35D2657D-1C3F-4EE1-ABEB-3360E3703733}.Ad-Hoc|iPhoneSimulator.ActiveCfg = Ad-Hoc|iPhoneSimulator
		{35D2657D-1C3F-4EE1-ABEB-3360E3703733}.Ad-Hoc|iPhoneSimulator.Build.0 = Ad-Hoc|iPhoneSimulator
		{35D2657D-1C3F-4EE1-ABEB-3360E3703733}.AppStore|Any CPU.ActiveCfg = AppStore|iPhoneSimulator
		{35D2657D-1C3F-4EE1-ABEB-3360E3703733}.AppStore|iPhone.ActiveCfg = AppStore|iPhone
		{35D2657D-1C3F-4EE1-ABEB-3360E3703733}.AppStore|iPhone.Build.0 = AppStore|iPhone
		{35D2657D-1C3F-4EE1-ABEB-3360E3703733}.AppStore|iPhone.Deploy.0 = AppStore|iPhone
		{35D2657D-1C3F-4EE1-ABEB-3360E3703733}.AppStore|iPhoneSimulator.ActiveCfg = AppStore|iPhoneSimulator
		{35D2657D-1C3F-4EE1-ABEB-3360E3703733}.AppStore|iPhoneSimulator.Build.0 = AppStore|iPhoneSimulator
		{35D2657D-1C3F-4EE1-ABEB-3360E3703733}.Debug|Any CPU.ActiveCfg = Debug|iPhoneSimulator
		{35D2657D-1C3F-4EE1-ABEB-3360E3703733}.Debug|Any CPU.Build.0 = Debug|iPhoneSimulator
		{35D2657D-1C3F-4EE1-ABEB-3360E3703733}.Debug|Any CPU.Deploy.0 = Debug|iPhoneSimulator
		{35D2657D-1C3F-4EE1-ABEB-3360E3703733}.Debug|iPhone.ActiveCfg = Debug|iPhone
		{35D2657D-1C3F-4EE1-ABEB-3360E3703733}.Debug|iPhone.Build.0 = Debug|iPhone
		{35D2657D-1C3F-4EE1-ABEB-3360E3703733}.Debug|iPhone.Deploy.0 = Debug|iPhone
		{35D2657D-1C3F-4EE1-ABEB-3360E3703733}.Debug|iPhoneSimulator.ActiveCfg = Debug|iPhoneSimulator
		{35D2657D-1C3F-4EE1-ABEB-3360E3703733}.Debug|iPhoneSimulator.Build.0 = Debug|iPhoneSimulator
		{35D2657D-1C3F-4EE1-ABEB-3360E3703733}.Debug|iPhoneSimulator.Deploy.0 = Debug|iPhoneSimulator
		{35D2657D-1C3F-4EE1-ABEB-3360E3703733}.Release|Any CPU.ActiveCfg = Release|iPhoneSimulator
		{35D2657D-1C3F-4EE1-ABEB-3360E3703733}.Release|Any CPU.Build.0 = Release|iPhoneSimulator
		{35D2657D-1C3F-4EE1-ABEB-3360E3703733}.Release|Any CPU.Deploy.0 = Release|iPhoneSimulator
		{35D2657D-1C3F-4EE1-ABEB-3360E3703733}.Release|iPhone.ActiveCfg = Release|iPhone
		{35D2657D-1C3F-4EE1-ABEB-3360E3703733}.Release|iPhone.Build.0 = Release|iPhone
		{35D2657D-1C3F-4EE1-ABEB-3360E3703733}.Release|iPhone.Deploy.0 = Release|iPhone
		{35D2657D-1C3F-4EE1-ABEB-3360E3703733}.Release|iPhoneSimulator.ActiveCfg = Release|iPhoneSimulator
		{35D2657D-1C3F-4EE1-ABEB-3360E3703733}.Release|iPhoneSimulator.Build.0 = Release|iPhoneSimulator
		{35D2657D-1C3F-4EE1-ABEB-3360E3703733}.Release|iPhoneSimulator.Deploy.0 = Release|iPhoneSimulator
	EndGlobalSection
	GlobalSection(SolutionProperties) = preSolution
		HideSolutionNode = FALSE
	EndGlobalSection
	GlobalSection(ExtensibilityGlobals) = postSolution
		SolutionGuid = {55C3EB0A-A0F6-4BE4-9BC9-496D1AB26F3F}
	EndGlobalSection
EndGlobal
